
Microsoft Visual Studio Solution File, Format Version 12.00
# Visual Studio Version 17
VisualStudioVersion = 17.0.32112.339
MinimumVisualStudioVersion = 10.0.40219.1
Project("{8BC9CEB8-8B4A-11D0-8D11-00A0C91BC942}") = "tree_node", "tree_node.vcxproj", "{8EFBF6DD-9A17-4FFC-A679-8E6FC8B2B361}"
EndProject
Project("{8BC9CEB8-8B4A-11D0-8D11-00A0C91BC942}") = "test_func", "test_func\test_func.vcxproj", "{7068CAB2-619C-4BEB-9643-D4EB251453E5}"
EndProject
Global
	GlobalSection(SolutionConfigurationPlatforms) = preSolution
		Debug|x64 = Debug|x64
		Debug|x86 = Debug|x86
		Release|x64 = Release|x64
		Release|x86 = Release|x86
	EndGlobalSection
	GlobalSection(ProjectConfigurationPlatforms) = postSolution
		{8EFBF6DD-9A17-4FFC-A679-8E6FC8B2B361}.Debug|x64.ActiveCfg = Debug|x64
		{8EFBF6DD-9A17-4FFC-A679-8E6FC8B2B361}.Debug|x64.Build.0 = Debug|x64
		{8EFBF6DD-9A17-4FFC-A679-8E6FC8B2B361}.Debug|x86.ActiveCfg = Debug|Win32
		{8EFBF6DD-9A17-4FFC-A679-8E6FC8B2B361}.Debug|x86.Build.0 = Debug|Win32
		{8EFBF6DD-9A17-4FFC-A679-8E6FC8B2B361}.Release|x64.ActiveCfg = Release|x64
		{8EFBF6DD-9A17-4FFC-A679-8E6FC8B2B361}.Release|x64.Build.0 = Release|x64
		{8EFBF6DD-9A17-4FFC-A679-8E6FC8B2B361}.Release|x86.ActiveCfg = Release|Win32
		{8EFBF6DD-9A17-4FFC-A679-8E6FC8B2B361}.Release|x86.Build.0 = Release|Win32
		{7068CAB2-619C-4BEB-9643-D4EB251453E5}.Debug|x64.ActiveCfg = Debug|x64
		{7068CAB2-619C-4BEB-9643-D4EB251453E5}.Debug|x64.Build.0 = Debug|x64
		{7068CAB2-619C-4BEB-9643-D4EB251453E5}.Debug|x86.ActiveCfg = Debug|Win32
		{7068CAB2-619C-4BEB-9643-D4EB251453E5}.Debug|x86.Build.0 = Debug|Win32
		{7068CAB2-619C-4BEB-9643-D4EB251453E5}.Release|x64.ActiveCfg = Release|x64
		{7068CAB2-619C-4BEB-9643-D4EB251453E5}.Release|x64.Build.0 = Release|x64
		{7068CAB2-619C-4BEB-9643-D4EB251453E5}.Release|x86.ActiveCfg = Release|Win32
		{7068CAB2-619C-4BEB-9643-D4EB251453E5}.Release|x86.Build.0 = Release|Win32
	EndGlobalSection
	GlobalSection(SolutionProperties) = preSolution
		HideSolutionNode = FALSE
	EndGlobalSection
	GlobalSection(ExtensibilityGlobals) = postSolution
		SolutionGuid = {E93EC472-1E91-4893-AE59-B61636EAFE77}
	EndGlobalSection
EndGlobal
